{
  "originHash" : "9803aecd0c074d2000dbc6f4d859dbb88d04ab0889c5ff2d79e8c2ac02b772c5",
  "pins" : [
    {
      "identity" : "gracelanguage",
      "kind" : "remoteSourceControl",
      "location" : "https://github.com/Appracatappra/GraceLanguage",
      "state" : {
        "revision" : "4f3960a1dcdeb9f0786a0ef222b4f00b59b5926a",
        "version" : "2.1.0"
      }
    },
    {
      "identity" : "logmanager",
      "kind" : "remoteSourceControl",
      "location" : "https://github.com/Appracatappra/LogManager",
      "state" : {
        "revision" : "0dc18ac85ccdbb979152a1e4f64bfc6f377513b1",
        "version" : "2.1.0"
      }
    },
    {
      "identity" : "simpleserializer",
      "kind" : "remoteSourceControl",
      "location" : "https://github.com/Appracatappra/SimpleSerializer",
      "state" : {
        "revision" : "ecfea26cc5a37441009297cc97b660fd5190c15f",
        "version" : "2.5.0"
      }
    },
    {
      "identity" : "soundmanager",
      "kind" : "remoteSourceControl",
      "location" : "https://github.com/Appracatappra/SoundManager",
      "state" : {
        "revision" : "6bb1651d29ec084edc94a1816f20c517882bcc45",
        "version" : "2.1.0"
      }
    },
    {
      "identity" : "swiftletutilities",
      "kind" : "remoteSourceControl",
      "location" : "https://github.com/Appracatappra/SwiftletUtilities",
      "state" : {
        "revision" : "9ef9333b19433eb9a6d344a1ed0c1c00fb232e5a",
        "version" : "2.1.3"
      }
    },
    {
      "identity" : "swiftuikit",
      "kind" : "remoteSourceControl",
      "location" : "https://github.com/Appracatappra/SwiftUIKit",
      "state" : {
        "revision" : "2f5c6f97d102cc480c6cbc78cb9a53a83f535d6f",
        "version" : "2.1.0"
      }
    }
  ],
  "version" : 3
}
